// !$*UTF8*$!
{
	archiveVersion = 1;
	classes = {
	};
	objectVersion = 56;
	objects = {

/* Begin PBXBuildFile section */
		3D34D0192B73D4A300110B20 /* AppDelegate.swift in Sources */ = {isa = PBXBuildFile; fileRef = 3D34D0182B73D4A300110B20 /* AppDelegate.swift */; };
		3D34D01B2B73D4A300110B20 /* SceneDelegate.swift in Sources */ = {isa = PBXBuildFile; fileRef = 3D34D01A2B73D4A300110B20 /* SceneDelegate.swift */; };
		3D34D01D2B73D4A300110B20 /* ViewController.swift in Sources */ = {isa = PBXBuildFile; fileRef = 3D34D01C2B73D4A300110B20 /* ViewController.swift */; };
		3D34D0202B73D4A300110B20 /* Main.storyboard in Resources */ = {isa = PBXBuildFile; fileRef = 3D34D01E2B73D4A300110B20 /* Main.storyboard */; };
		3D34D0222B73D4A700110B20 /* Assets.xcassets in Resources */ = {isa = PBXBuildFile; fileRef = 3D34D0212B73D4A700110B20 /* Assets.xcassets */; };
		3D34D0252B73D4A700110B20 /* LaunchScreen.storyboard in Resources */ = {isa = PBXBuildFile; fileRef = 3D34D0232B73D4A700110B20 /* LaunchScreen.storyboard */; };
		3D34D02D2B74084100110B20 /* GoogleService-Info.plist in Resources */ = {isa = PBXBuildFile; fileRef = 3D34D02C2B74084100110B20 /* GoogleService-Info.plist */; };
		3D34D0302B740D4600110B20 /* FirebaseAnalytics in Frameworks */ = {isa = PBXBuildFile; productRef = 3D34D02F2B740D4600110B20 /* FirebaseAnalytics */; };
		3D34D03C2B740D4600110B20 /* FirebaseAuth in Frameworks */ = {isa = PBXBuildFile; productRef = 3D34D03B2B740D4600110B20 /* FirebaseAuth */; };
		3D34D0482B740D4600110B20 /* FirebaseFirestore in Frameworks */ = {isa = PBXBuildFile; productRef = 3D34D0472B740D4600110B20 /* FirebaseFirestore */; };
		3D34D0622B740D4700110B20 /* FirebaseStorage in Frameworks */ = {isa = PBXBuildFile; productRef = 3D34D0612B740D4700110B20 /* FirebaseStorage */; };
		3D55CE5A2B74F5030018BBA4 /* UploadViewController.swift in Sources */ = {isa = PBXBuildFile; fileRef = 3D55CE592B74F5030018BBA4 /* UploadViewController.swift */; };
		3D55CE5C2B74F5160018BBA4 /* ProfileViewController.swift in Sources */ = {isa = PBXBuildFile; fileRef = 3D55CE5B2B74F5160018BBA4 /* ProfileViewController.swift */; };
		3D55CE622B7516590018BBA4 /* SignUpViewController.swift in Sources */ = {isa = PBXBuildFile; fileRef = 3D55CE612B7516590018BBA4 /* SignUpViewController.swift */; };
/* End PBXBuildFile section */

/* Begin PBXFileReference section */
		3D34D0152B73D4A300110B20 /* Photogram.app */ = {isa = PBXFileReference; explicitFileType = wrapper.application; includeInIndex = 0; path = Photogram.app; sourceTree = BUILT_PRODUCTS_DIR; };
		3D34D0182B73D4A300110B20 /* AppDelegate.swift */ = {isa = PBXFileReference; lastKnownFileType = sourcecode.swift; path = AppDelegate.swift; sourceTree = "<group>"; };
		3D34D01A2B73D4A300110B20 /* SceneDelegate.swift */ = {isa = PBXFileReference; lastKnownFileType = sourcecode.swift; path = SceneDelegate.swift; sourceTree = "<group>"; };
		3D34D01C2B73D4A300110B20 /* ViewController.swift */ = {isa = PBXFileReference; lastKnownFileType = sourcecode.swift; path = ViewController.swift; sourceTree = "<group>"; };
		3D34D01F2B73D4A300110B20 /* Base */ = {isa = PBXFileReference; lastKnownFileType = file.storyboard; name = Base; path = Base.lproj/Main.storyboard; sourceTree = "<group>"; };
		3D34D0212B73D4A700110B20 /* Assets.xcassets */ = {isa = PBXFileReference; lastKnownFileType = folder.assetcatalog; path = Assets.xcassets; sourceTree = "<group>"; };
		3D34D0242B73D4A700110B20 /* Base */ = {isa = PBXFileReference; lastKnownFileType = file.storyboard; name = Base; path = Base.lproj/LaunchScreen.storyboard; sourceTree = "<group>"; };
		3D34D0262B73D4A700110B20 /* Info.plist */ = {isa = PBXFileReference; lastKnownFileType = text.plist.xml; path = Info.plist; sourceTree = "<group>"; };
		3D34D02C2B74084100110B20 /* GoogleService-Info.plist */ = {isa = PBXFileReference; fileEncoding = 4; lastKnownFileType = text.plist.xml; path = "GoogleService-Info.plist"; sourceTree = "<group>"; };
		3D55CE592B74F5030018BBA4 /* UploadViewController.swift */ = {isa = PBXFileReference; lastKnownFileType = sourcecode.swift; path = UploadViewController.swift; sourceTree = "<group>"; };
		3D55CE5B2B74F5160018BBA4 /* ProfileViewController.swift */ = {isa = PBXFileReference; lastKnownFileType = sourcecode.swift; path = ProfileViewController.swift; sourceTree = "<group>"; };
		3D55CE612B7516590018BBA4 /* SignUpViewController.swift */ = {isa = PBXFileReference; lastKnownFileType = sourcecode.swift; path = SignUpViewController.swift; sourceTree = "<group>"; };
/* End PBXFileReference section */

/* Begin PBXFrameworksBuildPhase section */
		3D34D0122B73D4A300110B20 /* Frameworks */ = {
			isa = PBXFrameworksBuildPhase;
			buildActionMask = 2147483647;
			files = (
				3D34D0482B740D4600110B20 /* FirebaseFirestore in Frameworks */,
				3D34D0302B740D4600110B20 /* FirebaseAnalytics in Frameworks */,
				3D34D03C2B740D4600110B20 /* FirebaseAuth in Frameworks */,
				3D34D0622B740D4700110B20 /* FirebaseStorage in Frameworks */,
			);
			runOnlyForDeploymentPostprocessing = 0;
		};
/* End PBXFrameworksBuildPhase section */

/* Begin PBXGroup section */
		3D34D00C2B73D4A300110B20 = {
			isa = PBXGroup;
			children = (
				3D34D0172B73D4A300110B20 /* Photogram */,
				3D34D0162B73D4A300110B20 /* Products */,
			);
			sourceTree = "<group>";
		};
		3D34D0162B73D4A300110B20 /* Products */ = {
			isa = PBXGroup;
			children = (
				3D34D0152B73D4A300110B20 /* Photogram.app */,
			);
			name = Products;
			sourceTree = "<group>";
		};
		3D34D0172B73D4A300110B20 /* Photogram */ = {
			isa = PBXGroup;
			children = (
				3D34D0182B73D4A300110B20 /* AppDelegate.swift */,
				3D34D01A2B73D4A300110B20 /* SceneDelegate.swift */,
				3D34D01C2B73D4A300110B20 /* ViewController.swift */,
				3D55CE612B7516590018BBA4 /* SignUpViewController.swift */,
				3D55CE592B74F5030018BBA4 /* UploadViewController.swift */,
				3D55CE5B2B74F5160018BBA4 /* ProfileViewController.swift */,
				3D34D01E2B73D4A300110B20 /* Main.storyboard */,
				3D34D0212B73D4A700110B20 /* Assets.xcassets */,
				3D34D0232B73D4A700110B20 /* LaunchScreen.storyboard */,
				3D34D0262B73D4A700110B20 /* Info.plist */,
				3D34D02C2B74084100110B20 /* GoogleService-Info.plist */,
			);
			path = Photogram;
			sourceTree = "<group>";
		};
/* End PBXGroup section */

/* Begin PBXNativeTarget section */
		3D34D0142B73D4A300110B20 /* Photogram */ = {
			isa = PBXNativeTarget;
			buildConfigurationList = 3D34D0292B73D4A700110B20 /* Build configuration list for PBXNativeTarget "Photogram" */;
			buildPhases = (
				3D34D0112B73D4A300110B20 /* Sources */,
				3D34D0122B73D4A300110B20 /* Frameworks */,
				3D34D0132B73D4A300110B20 /* Resources */,
			);
			buildRules = (
			);
			dependencies = (
			);
			name = Photogram;
			packageProductDependencies = (
				3D34D02F2B740D4600110B20 /* FirebaseAnalytics */,
				3D34D03B2B740D4600110B20 /* FirebaseAuth */,
				3D34D0472B740D4600110B20 /* FirebaseFirestore */,
				3D34D0612B740D4700110B20 /* FirebaseStorage */,
			);
			productName = Photogram;
			productReference = 3D34D0152B73D4A300110B20 /* Photogram.app */;
			productType = "com.apple.product-type.application";
		};
/* End PBXNativeTarget section */

/* Begin PBXProject section */
		3D34D00D2B73D4A300110B20 /* Project object */ = {
			isa = PBXProject;
			attributes = {
				BuildIndependentTargetsInParallel = 1;
				LastSwiftUpdateCheck = 1500;
				LastUpgradeCheck = 1500;
				TargetAttributes = {
					3D34D0142B73D4A300110B20 = {
						CreatedOnToolsVersion = 15.0.1;
					};
				};
			};
			buildConfigurationList = 3D34D0102B73D4A300110B20 /* Build configuration list for PBXProject "Photogram" */;
			compatibilityVersion = "Xcode 14.0";
			developmentRegion = en;
			hasScannedForEncodings = 0;
			knownRegions = (
				en,
				Base,
			);
			mainGroup = 3D34D00C2B73D4A300110B20;
			packageReferences = (
				3D34D02E2B740D4500110B20 /* XCRemoteSwiftPackageReference "firebase-ios-sdk" */,
			);
			productRefGroup = 3D34D0162B73D4A300110B20 /* Products */;
			projectDirPath = "";
			projectRoot = "";
			targets = (
				3D34D0142B73D4A300110B20 /* Photogram */,
			);
		};
/* End PBXProject section */

/* Begin PBXResourcesBuildPhase section */
		3D34D0132B73D4A300110B20 /* Resources */ = {
			isa = PBXResourcesBuildPhase;
			buildActionMask = 2147483647;
			files = (
				3D34D0252B73D4A700110B20 /* LaunchScreen.storyboard in Resources */,
				3D34D02D2B74084100110B20 /* GoogleService-Info.plist in Resources */,
				3D34D0222B73D4A700110B20 /* Assets.xcassets in Resources */,
				3D34D0202B73D4A300110B20 /* Main.storyboard in Resources */,
			);
			runOnlyForDeploymentPostprocessing = 0;
		};
/* End PBXResourcesBuildPhase section */

/* Begin PBXSourcesBuildPhase section */
		3D34D0112B73D4A300110B20 /* Sources */ = {
			isa = PBXSourcesBuildPhase;
			buildActionMask = 2147483647;
			files = (
				3D55CE5C2B74F5160018BBA4 /* ProfileViewController.swift in Sources */,
				3D55CE622B7516590018BBA4 /* SignUpViewController.swift in Sources */,
				3D55CE5A2B74F5030018BBA4 /* UploadViewController.swift in Sources */,
				3D34D01D2B73D4A300110B20 /* ViewController.swift in Sources */,
				3D34D0192B73D4A300110B20 /* AppDelegate.swift in Sources */,
				3D34D01B2B73D4A300110B20 /* SceneDelegate.swift in Sources */,
			);
			runOnlyForDeploymentPostprocessing = 0;
		};
/* End PBXSourcesBuildPhase section */

/* Begin PBXVariantGroup section */
		3D34D01E2B73D4A300110B20 /* Main.storyboard */ = {
			isa = PBXVariantGroup;
			children = (
				3D34D01F2B73D4A300110B20 /* Base */,
			);
			name = Main.storyboard;
			sourceTree = "<group>";
		};
		3D34D0232B73D4A700110B20 /* LaunchScreen.storyboard */ = {
			isa = PBXVariantGroup;
			children = (
				3D34D0242B73D4A700110B20 /* Base */,
			);
			name = LaunchScreen.storyboard;
			sourceTree = "<group>";
		};
/* End PBXVariantGroup section */

/* Begin XCBuildConfiguration section */
		3D34D0272B73D4A700110B20 /* Debug */ = {
			isa = XCBuildConfiguration;
			buildSettings = {
				ALWAYS_SEARCH_USER_PATHS = NO;
				ASSETCATALOG_COMPILER_GENERATE_SWIFT_ASSET_SYMBOL_EXTENSIONS = YES;
				CLANG_ANALYZER_NONNULL = YES;
				CLANG_ANALYZER_NUMBER_OBJECT_CONVERSION = YES_AGGRESSIVE;
				CLANG_CXX_LANGUAGE_STANDARD = "gnu++20";
				CLANG_ENABLE_MODULES = YES;
				CLANG_ENABLE_OBJC_ARC = YES;
				CLANG_ENABLE_OBJC_WEAK = YES;
				CLANG_WARN_BLOCK_CAPTURE_AUTORELEASING = YES;
				CLANG_WARN_BOOL_CONVERSION = YES;
				CLANG_WARN_COMMA = YES;
				CLANG_WARN_CONSTANT_CONVERSION = YES;
				CLANG_WARN_DEPRECATED_OBJC_IMPLEMENTATIONS = YES;
				CLANG_WARN_DIRECT_OBJC_ISA_USAGE = YES_ERROR;
				CLANG_WARN_DOCUMENTATION_COMMENTS = YES;
				CLANG_WARN_EMPTY_BODY = YES;
				CLANG_WARN_ENUM_CONVERSION = YES;
				CLANG_WARN_INFINITE_RECURSION = YES;
				CLANG_WARN_INT_CONVERSION = YES;
				CLANG_WARN_NON_LITERAL_NULL_CONVERSION = YES;
				CLANG_WARN_OBJC_IMPLICIT_RETAIN_SELF = YES;
				CLANG_WARN_OBJC_LITERAL_CONVERSION = YES;
				CLANG_WARN_OBJC_ROOT_CLASS = YES_ERROR;
				CLANG_WARN_QUOTED_INCLUDE_IN_FRAMEWORK_HEADER = YES;
				CLANG_WARN_RANGE_LOOP_ANALYSIS = YES;
				CLANG_WARN_STRICT_PROTOTYPES = YES;
				CLANG_WARN_SUSPICIOUS_MOVE = YES;
				CLANG_WARN_UNGUARDED_AVAILABILITY = YES_AGGRESSIVE;
				CLANG_WARN_UNREACHABLE_CODE = YES;
				CLANG_WARN__DUPLICATE_METHOD_MATCH = YES;
				COPY_PHASE_STRIP = NO;
				DEBUG_INFORMATION_FORMAT = dwarf;
				ENABLE_STRICT_OBJC_MSGSEND = YES;
				ENABLE_TESTABILITY = YES;
				ENABLE_USER_SCRIPT_SANDBOXING = YES;
				GCC_C_LANGUAGE_STANDARD = gnu17;
				GCC_DYNAMIC_NO_PIC = NO;
				GCC_NO_COMMON_BLOCKS = YES;
				GCC_OPTIMIZATION_LEVEL = 0;
				GCC_PREPROCESSOR_DEFINITIONS = (
					"DEBUG=1",
					"$(inherited)",
				);
				GCC_WARN_64_TO_32_BIT_CONVERSION = YES;
				GCC_WARN_ABOUT_RETURN_TYPE = YES_ERROR;
				GCC_WARN_UNDECLARED_SELECTOR = YES;
				GCC_WARN_UNINITIALIZED_AUTOS = YES_AGGRESSIVE;
				GCC_WARN_UNUSED_FUNCTION = YES;
				GCC_WARN_UNUSED_VARIABLE = YES;
				IPHONEOS_DEPLOYMENT_TARGET = 17.0;
				LOCALIZATION_PREFERS_STRING_CATALOGS = YES;
				MTL_ENABLE_DEBUG_INFO = INCLUDE_SOURCE;
				MTL_FAST_MATH = YES;
				ONLY_ACTIVE_ARCH = YES;
				SDKROOT = iphoneos;
				SWIFT_ACTIVE_COMPILATION_CONDITIONS = "DEBUG $(inherited)";
				SWIFT_OPTIMIZATION_LEVEL = "-Onone";
			};
			name = Debug;
		};
		3D34D0282B73D4A700110B20 /* Release */ = {
			isa = XCBuildConfiguration;
			buildSettings = {
				ALWAYS_SEARCH_USER_PATHS = NO;
				ASSETCATALOG_COMPILER_GENERATE_SWIFT_ASSET_SYMBOL_EXTENSIONS = YES;
				CLANG_ANALYZER_NONNULL = YES;
				CLANG_ANALYZER_NUMBER_OBJECT_CONVERSION = YES_AGGRESSIVE;
				CLANG_CXX_LANGUAGE_STANDARD = "gnu++20";
				CLANG_ENABLE_MODULES = YES;
				CLANG_ENABLE_OBJC_ARC = YES;
				CLANG_ENABLE_OBJC_WEAK = YES;
				CLANG_WARN_BLOCK_CAPTURE_AUTORELEASING = YES;
				CLANG_WARN_BOOL_CONVERSION = YES;
				CLANG_WARN_COMMA = YES;
				CLANG_WARN_CONSTANT_CONVERSION = YES;
				CLANG_WARN_DEPRECATED_OBJC_IMPLEMENTATIONS = YES;
				CLANG_WARN_DIRECT_OBJC_ISA_USAGE = YES_ERROR;
				CLANG_WARN_DOCUMENTATION_COMMENTS = YES;
				CLANG_WARN_EMPTY_BODY = YES;
				CLANG_WARN_ENUM_CONVERSION = YES;
				CLANG_WARN_INFINITE_RECURSION = YES;
				CLANG_WARN_INT_CONVERSION = YES;
				CLANG_WARN_NON_LITERAL_NULL_CONVERSION = YES;
				CLANG_WARN_OBJC_IMPLICIT_RETAIN_SELF = YES;
				CLANG_WARN_OBJC_LITERAL_CONVERSION = YES;
				CLANG_WARN_OBJC_ROOT_CLASS = YES_ERROR;
				CLANG_WARN_QUOTED_INCLUDE_IN_FRAMEWORK_HEADER = YES;
				CLANG_WARN_RANGE_LOOP_ANALYSIS = YES;
				CLANG_WARN_STRICT_PROTOTYPES = YES;
				CLANG_WARN_SUSPICIOUS_MOVE = YES;
				CLANG_WARN_UNGUARDED_AVAILABILITY = YES_AGGRESSIVE;
				CLANG_WARN_UNREACHABLE_CODE = YES;
				CLANG_WARN__DUPLICATE_METHOD_MATCH = YES;
				COPY_PHASE_STRIP = NO;
				DEBUG_INFORMATION_FORMAT = "dwarf-with-dsym";
				ENABLE_NS_ASSERTIONS = NO;
				ENABLE_STRICT_OBJC_MSGSEND = YES;
				ENABLE_USER_SCRIPT_SANDBOXING = YES;
				GCC_C_LANGUAGE_STANDARD = gnu17;
				GCC_NO_COMMON_BLOCKS = YES;
				GCC_WARN_64_TO_32_BIT_CONVERSION = YES;
				GCC_WARN_ABOUT_RETURN_TYPE = YES_ERROR;
				GCC_WARN_UNDECLARED_SELECTOR = YES;
				GCC_WARN_UNINITIALIZED_AUTOS = YES_AGGRESSIVE;
				GCC_WARN_UNUSED_FUNCTION = YES;
				GCC_WARN_UNUSED_VARIABLE = YES;
				IPHONEOS_DEPLOYMENT_TARGET = 17.0;
				LOCALIZATION_PREFERS_STRING_CATALOGS = YES;
				MTL_ENABLE_DEBUG_INFO = NO;
				MTL_FAST_MATH = YES;
				SDKROOT = iphoneos;
				SWIFT_COMPILATION_MODE = wholemodule;
				VALIDATE_PRODUCT = YES;
			};
			name = Release;
		};
		3D34D02A2B73D4A700110B20 /* Debug */ = {
			isa = XCBuildConfiguration;
			buildSettings = {
				ASSETCATALOG_COMPILER_APPICON_NAME = AppIcon;
				ASSETCATALOG_COMPILER_GLOBAL_ACCENT_COLOR_NAME = AccentColor;
				CODE_SIGN_STYLE = Automatic;
				CURRENT_PROJECT_VERSION = 1;
				GENERATE_INFOPLIST_FILE = YES;
				INFOPLIST_FILE = Photogram/Info.plist;
				INFOPLIST_KEY_UIApplicationSupportsIndirectInputEvents = YES;
				INFOPLIST_KEY_UILaunchStoryboardName = LaunchScreen;
				INFOPLIST_KEY_UIMainStoryboardFile = Main;
				INFOPLIST_KEY_UISupportedInterfaceOrientations_iPad = "UIInterfaceOrientationPortrait UIInterfaceOrientationPortraitUpsideDown UIInterfaceOrientationLandscapeLeft UIInterfaceOrientationLandscapeRight";
				INFOPLIST_KEY_UISupportedInterfaceOrientations_iPhone = "UIInterfaceOrientationPortrait UIInterfaceOrientationLandscapeLeft UIInterfaceOrientationLandscapeRight";
				LD_RUNPATH_SEARCH_PATHS = (
					"$(inherited)",
					"@executable_path/Frameworks",
				);
				MARKETING_VERSION = 1.0;
				PRODUCT_BUNDLE_IDENTIFIER = com.fatihoguz.Photogram;
				PRODUCT_NAME = "$(TARGET_NAME)";
				SWIFT_EMIT_LOC_STRINGS = YES;
				SWIFT_VERSION = 5.0;
				TARGETED_DEVICE_FAMILY = "1,2";
			};
			name = Debug;
		};
		3D34D02B2B73D4A700110B20 /* Release */ = {
			isa = XCBuildConfiguration;
			buildSettings = {
				ASSETCATALOG_COMPILER_APPICON_NAME = AppIcon;
				ASSETCATALOG_COMPILER_GLOBAL_ACCENT_COLOR_NAME = AccentColor;
				CODE_SIGN_STYLE = Automatic;
				CURRENT_PROJECT_VERSION = 1;
				GENERATE_INFOPLIST_FILE = YES;
				INFOPLIST_FILE = Photogram/Info.plist;
				INFOPLIST_KEY_UIApplicationSupportsIndirectInputEvents = YES;
				INFOPLIST_KEY_UILaunchStoryboardName = LaunchScreen;
				INFOPLIST_KEY_UIMainStoryboardFile = Main;
				INFOPLIST_KEY_UISupportedInterfaceOrientations_iPad = "UIInterfaceOrientationPortrait UIInterfaceOrientationPortraitUpsideDown UIInterfaceOrientationLandscapeLeft UIInterfaceOrientationLandscapeRight";
				INFOPLIST_KEY_UISupportedInterfaceOrientations_iPhone = "UIInterfaceOrientationPortrait UIInterfaceOrientationLandscapeLeft UIInterfaceOrientationLandscapeRight";
				LD_RUNPATH_SEARCH_PATHS = (
					"$(inherited)",
					"@executable_path/Frameworks",
				);
				MARKETING_VERSION = 1.0;
				PRODUCT_BUNDLE_IDENTIFIER = com.fatihoguz.Photogram;
				PRODUCT_NAME = "$(TARGET_NAME)";
				SWIFT_EMIT_LOC_STRINGS = YES;
				SWIFT_VERSION = 5.0;
				TARGETED_DEVICE_FAMILY = "1,2";
			};
			name = Release;
		};
/* End XCBuildConfiguration section */

/* Begin XCConfigurationList section */
		3D34D0102B73D4A300110B20 /* Build configuration list for PBXProject "Photogram" */ = {
			isa = XCConfigurationList;
			buildConfigurations = (
				3D34D0272B73D4A700110B20 /* Debug */,
				3D34D0282B73D4A700110B20 /* Release */,
			);
			defaultConfigurationIsVisible = 0;
			defaultConfigurationName = Release;
		};
		3D34D0292B73D4A700110B20 /* Build configuration list for PBXNativeTarget "Photogram" */ = {
			isa = XCConfigurationList;
			buildConfigurations = (
				3D34D02A2B73D4A700110B20 /* Debug */,
				3D34D02B2B73D4A700110B20 /* Release */,
			);
			defaultConfigurationIsVisible = 0;
			defaultConfigurationName = Release;
		};
/* End XCConfigurationList section */

/* Begin XCRemoteSwiftPackageReference section */
		3D34D02E2B740D4500110B20 /* XCRemoteSwiftPackageReference "firebase-ios-sdk" */ = {
			isa = XCRemoteSwiftPackageReference;
			repositoryURL = "https://github.com/firebase/firebase-ios-sdk";
			requirement = {
				kind = upToNextMajorVersion;
				minimumVersion = 10.21.0;
			};
		};
/* End XCRemoteSwiftPackageReference section */

/* Begin XCSwiftPackageProductDependency section */
		3D34D02F2B740D4600110B20 /* FirebaseAnalytics */ = {
			isa = XCSwiftPackageProductDependency;
			package = 3D34D02E2B740D4500110B20 /* XCRemoteSwiftPackageReference "firebase-ios-sdk" */;
			productName = FirebaseAnalytics;
		};
		3D34D03B2B740D4600110B20 /* FirebaseAuth */ = {
			isa = XCSwiftPackageProductDependency;
			package = 3D34D02E2B740D4500110B20 /* XCRemoteSwiftPackageReference "firebase-ios-sdk" */;
			productName = FirebaseAuth;
		};
		3D34D0472B740D4600110B20 /* FirebaseFirestore */ = {
			isa = XCSwiftPackageProductDependency;
			package = 3D34D02E2B740D4500110B20 /* XCRemoteSwiftPackageReference "firebase-ios-sdk" */;
			productName = FirebaseFirestore;
		};
		3D34D0612B740D4700110B20 /* FirebaseStorage */ = {
			isa = XCSwiftPackageProductDependency;
			package = 3D34D02E2B740D4500110B20 /* XCRemoteSwiftPackageReference "firebase-ios-sdk" */;
			productName = FirebaseStorage;
		};
/* End XCSwiftPackageProductDependency section */
	};
	rootObject = 3D34D00D2B73D4A300110B20 /* Project object */;
}
